lockfileVersion: '9.0'

settings:
  autoInstallPeers: true
  excludeLinksFromLockfile: false

overrides:
  vite: npm:vite@8.0.0-beta.18

importers:

  .:
    dependencies:
      tslib:
        specifier: ^2.6.2
        version: 2.8.1
    devDependencies:
      '@typescript/native-preview':
        specifier: ^7.0.0-dev.20260324.1
        version: 7.0.0-dev.20260324.1

packages:

  '@typescript/native-preview-darwin-arm64@7.0.0-dev.20260324.1':
    resolution: {integrity: sha512-Yg4zANP69mquBH4VwgfaSGj98Bc1o1mKFX4kk6WFEGvUX7BKvakiMXmKRKc79zY8HtpSKXiqTYcbOtumoRKfTA==}
    cpu: [arm64]
    os: [darwin]

  '@typescript/native-preview-darwin-x64@7.0.0-dev.20260324.1':
    resolution: {integrity: sha512-hlMIJQjlbwNTH3iS8IivAxeu7I4OLm645kErSynAR4i8O6lZiSeaZndUqIDYx/+er4bb01X0Fnxa8BTW2Emv2A==}
    cpu: [x64]
    os: [darwin]

  '@typescript/native-preview-linux-arm64@7.0.0-dev.20260324.1':
    resolution: {integrity: sha512-1oCTzfOOujaa0DhFj7epM3xqhoI4l+d2f584zeQjPCvk8FJBj4kwfOMZV139bEe+G5IoGsvhJzzRYzfu2diZkA==}
    cpu: [arm64]
    os: [linux]

  '@typescript/native-preview-linux-arm@7.0.0-dev.20260324.1':
    resolution: {integrity: sha512-uWcNrDuCdJb3TCAWI7TvrEzgluDiWmnNFeyE48mlgiVpcf7XVD9PwD0AIxvlO27NyF+NkQ3guHFssmjkhi0E9w==}
    cpu: [arm]
    os: [linux]

  '@typescript/native-preview-linux-x64@7.0.0-dev.20260324.1':
    resolution: {integrity: sha512-MzGh802vVwm9pCuFD6n7MrfaHn44ewayqZ5MSnSMmOZZzaOGwmGCCNDJUvsSsDSwIrYt8bU6LbUxx7TvlpJ8dQ==}
    cpu: [x64]
    os: [linux]

  '@typescript/native-preview-win32-arm64@7.0.0-dev.20260324.1':
    resolution: {integrity: sha512-CyxCw3Rj+nqI2cVP4CmdEAn+8UkGJM1vWmNQ2q3z5ZF3V+JdnlmhALEzk4bu0ddu5pyHwM1fOHLsD7xcGUcKtQ==}
    cpu: [arm64]
    os: [win32]

  '@typescript/native-preview-win32-x64@7.0.0-dev.20260324.1':
    resolution: {integrity: sha512-6J8V5cHOrh7Cjl6lv8+zsDY5NkbMYBwXroKlFUzThZ7vpJlEaa51DPQyCyILIXodv5XODd5arRcbaY+cC6Et8Q==}
    cpu: [x64]
    os: [win32]

  '@typescript/native-preview@7.0.0-dev.20260324.1':
    resolution: {integrity: sha512-AzuC/jEAucVCay7ckwexa8Ao4NfDUeVYBTIxGG9fc1qh2q1JphdUW50PLRyNJXCDcnLtghSIDBi+wfFgVBtcMQ==}
    hasBin: true

  tslib@2.8.1:
    resolution: {integrity: sha512-oJFu94HQb+KVduSUQL7wnpmqnfmLsOA/nAh6b6EH0wCEoK0/mPeXU6c3wKDV83MkOuHPRHtSXKKU99IBazS/2w==}

snapshots:

  '@typescript/native-preview-darwin-arm64@7.0.0-dev.20260324.1':
    optional: true

  '@typescript/native-preview-darwin-x64@7.0.0-dev.20260324.1':
    optional: true

  '@typescript/native-preview-linux-arm64@7.0.0-dev.20260324.1':
    optional: true

  '@typescript/native-preview-linux-arm@7.0.0-dev.20260324.1':
    optional: true

  '@typescript/native-preview-linux-x64@7.0.0-dev.20260324.1':
    optional: true

  '@typescript/native-preview-win32-arm64@7.0.0-dev.20260324.1':
    optional: true

  '@typescript/native-preview-win32-x64@7.0.0-dev.20260324.1':
    optional: true

  '@typescript/native-preview@7.0.0-dev.20260324.1':
    optionalDependencies:
      '@typescript/native-preview-darwin-arm64': 7.0.0-dev.20260324.1
      '@typescript/native-preview-darwin-x64': 7.0.0-dev.20260324.1
      '@typescript/native-preview-linux-arm': 7.0.0-dev.20260324.1
      '@typescript/native-preview-linux-arm64': 7.0.0-dev.20260324.1
      '@typescript/native-preview-linux-x64': 7.0.0-dev.20260324.1
      '@typescript/native-preview-win32-arm64': 7.0.0-dev.20260324.1
      '@typescript/native-preview-win32-x64': 7.0.0-dev.20260324.1

  tslib@2.8.1: {}
